
Microsoft Visual Studio Solution File, Format Version 12.00
# Visual Studio Version 17
VisualStudioVersion = 17.14.36804.6
MinimumVisualStudioVersion = 10.0.40219.1
Project("{FAE04EC0-301F-11D3-BF4B-00C04F79EFBC}") = "AdventureWorks.MAUI", "AdventureWorks.MAUI\AdventureWorks.MAUI.csproj", "{D4C7AB00-8DF7-42B8-99A2-641324850539}"
EndProject
Project("{FAE04EC0-301F-11D3-BF4B-00C04F79EFBC}") = "Common.Library.MAUI", "Common.Library.MAUI\Common.Library.MAUI.csproj", "{351E99C6-FDC3-45E0-99BE-AA2E3229CDC5}"
EndProject
Project("{FAE04EC0-301F-11D3-BF4B-00C04F79EFBC}") = "AdventureWorks.EntityLayer", "AdventureWorks.EntityLayer\AdventureWorks.EntityLayer.csproj", "{43BC912E-3F0B-490C-BB98-186EE602C974}"
EndProject
Project("{FAE04EC0-301F-11D3-BF4B-00C04F79EFBC}") = "Common.Library", "Common.Library\Common.Library.csproj", "{69170A9B-04BD-4E81-9AC8-CC73C4E631E5}"
EndProject
Project("{FAE04EC0-301F-11D3-BF4B-00C04F79EFBC}") = "AdventureWorks.ViewModelLayer", "AdventureWorks.ViewModelLayer\AdventureWorks.ViewModelLayer.csproj", "{307619B4-1C5E-4A6A-98C5-37435E283E66}"
EndProject
Project("{FAE04EC0-301F-11D3-BF4B-00C04F79EFBC}") = "AdventureWorks.DataLayer.Mock", "AdventureWorks.DataLayer.Mock\AdventureWorks.DataLayer.Mock.csproj", "{9ACF1C51-AF13-43EA-ABE9-1B06F99CED33}"
EndProject
Global
	GlobalSection(SolutionConfigurationPlatforms) = preSolution
		Debug|Any CPU = Debug|Any CPU
		Release|Any CPU = Release|Any CPU
	EndGlobalSection
	GlobalSection(ProjectConfigurationPlatforms) = postSolution
		{D4C7AB00-8DF7-42B8-99A2-641324850539}.Debug|Any CPU.ActiveCfg = Debug|Any CPU
		{D4C7AB00-8DF7-42B8-99A2-641324850539}.Debug|Any CPU.Build.0 = Debug|Any CPU
		{D4C7AB00-8DF7-42B8-99A2-641324850539}.Debug|Any CPU.Deploy.0 = Debug|Any CPU
		{D4C7AB00-8DF7-42B8-99A2-641324850539}.Release|Any CPU.ActiveCfg = Release|Any CPU
		{D4C7AB00-8DF7-42B8-99A2-641324850539}.Release|Any CPU.Build.0 = Release|Any CPU
		{351E99C6-FDC3-45E0-99BE-AA2E3229CDC5}.Debug|Any CPU.ActiveCfg = Debug|Any CPU
		{351E99C6-FDC3-45E0-99BE-AA2E3229CDC5}.Debug|Any CPU.Build.0 = Debug|Any CPU
		{351E99C6-FDC3-45E0-99BE-AA2E3229CDC5}.Release|Any CPU.ActiveCfg = Release|Any CPU
		{351E99C6-FDC3-45E0-99BE-AA2E3229CDC5}.Release|Any CPU.Build.0 = Release|Any CPU
		{43BC912E-3F0B-490C-BB98-186EE602C974}.Debug|Any CPU.ActiveCfg = Debug|Any CPU
		{43BC912E-3F0B-490C-BB98-186EE602C974}.Debug|Any CPU.Build.0 = Debug|Any CPU
		{43BC912E-3F0B-490C-BB98-186EE602C974}.Release|Any CPU.ActiveCfg = Release|Any CPU
		{43BC912E-3F0B-490C-BB98-186EE602C974}.Release|Any CPU.Build.0 = Release|Any CPU
		{69170A9B-04BD-4E81-9AC8-CC73C4E631E5}.Debug|Any CPU.ActiveCfg = Debug|Any CPU
		{69170A9B-04BD-4E81-9AC8-CC73C4E631E5}.Debug|Any CPU.Build.0 = Debug|Any CPU
		{69170A9B-04BD-4E81-9AC8-CC73C4E631E5}.Release|Any CPU.ActiveCfg = Release|Any CPU
		{69170A9B-04BD-4E81-9AC8-CC73C4E631E5}.Release|Any CPU.Build.0 = Release|Any CPU
		{307619B4-1C5E-4A6A-98C5-37435E283E66}.Debug|Any CPU.ActiveCfg = Debug|Any CPU
		{307619B4-1C5E-4A6A-98C5-37435E283E66}.Debug|Any CPU.Build.0 = Debug|Any CPU
		{307619B4-1C5E-4A6A-98C5-37435E283E66}.Release|Any CPU.ActiveCfg = Release|Any CPU
		{307619B4-1C5E-4A6A-98C5-37435E283E66}.Release|Any CPU.Build.0 = Release|Any CPU
		{9ACF1C51-AF13-43EA-ABE9-1B06F99CED33}.Debug|Any CPU.ActiveCfg = Debug|Any CPU
		{9ACF1C51-AF13-43EA-ABE9-1B06F99CED33}.Debug|Any CPU.Build.0 = Debug|Any CPU
		{9ACF1C51-AF13-43EA-ABE9-1B06F99CED33}.Release|Any CPU.ActiveCfg = Release|Any CPU
		{9ACF1C51-AF13-43EA-ABE9-1B06F99CED33}.Release|Any CPU.Build.0 = Release|Any CPU
	EndGlobalSection
	GlobalSection(SolutionProperties) = preSolution
		HideSolutionNode = FALSE
	EndGlobalSection
	GlobalSection(ExtensibilityGlobals) = postSolution
		SolutionGuid = {BC54510A-BA9E-40F9-BC18-A8D4F36DCE25}
	EndGlobalSection
EndGlobal
